dependencies:
- name: eck-operator
  repository: https://helm.elastic.co
  version: 2.9.0
- name: kiss-frontend
  repository: https://raw.githubusercontent.com/Klantinteractie-Servicesysteem/KISS-frontend/main/helm
  version: 1.0.51
- name: podiumd-adapter
  repository: https://raw.githubusercontent.com/ICATT-Menselijk-Digitaal/podiumd-adapter/main/helm
  version: 1.0.0
- name: kiss-elastic
  repository: https://raw.githubusercontent.com/Klantinteractie-Servicesysteem/.github/main/docs/scripts/elastic
  version: 0.2.0
